
Microsoft Visual Studio Solution File, Format Version 12.00
# Visual Studio Version 16
VisualStudioVersion = 16.0.29306.81
MinimumVisualStudioVersion = 10.0.40219.1
Project("{FAE04EC0-301F-11D3-BF4B-00C04F79EFBC}") = "CacheableMediaRequest", "CacheableMediaRequest.csproj", "{4A3C58A2-8223-4CEF-9D27-8568A7E983FF}"
EndProject
Global
	GlobalSection(SolutionConfigurationPlatforms) = preSolution
		Debug|Any CPU = Debug|Any CPU
		Release|Any CPU = Release|Any CPU
	EndGlobalSection
	GlobalSection(ProjectConfigurationPlatforms) = postSolution
		{4A3C58A2-8223-4CEF-9D27-8568A7E983FF}.Debug|Any CPU.ActiveCfg = Debug|Any CPU
		{4A3C58A2-8223-4CEF-9D27-8568A7E983FF}.Debug|Any CPU.Build.0 = Debug|Any CPU
		{4A3C58A2-8223-4CEF-9D27-8568A7E983FF}.Release|Any CPU.ActiveCfg = Release|Any CPU
		{4A3C58A2-8223-4CEF-9D27-8568A7E983FF}.Release|Any CPU.Build.0 = Release|Any CPU
	EndGlobalSection
	GlobalSection(SolutionProperties) = preSolution
		HideSolutionNode = FALSE
	EndGlobalSection
	GlobalSection(ExtensibilityGlobals) = postSolution
		SolutionGuid = {16414034-5B05-4ED1-B9CC-8644D354563A}
	EndGlobalSection
EndGlobal
